{
  "name": "the_game",
  "version": "1.0.0",
  "lockfileVersion": 1,
  "requires": true,
  "dependencies": {
    "broker_js": {
      "version": "file:broker_js-1.0.0.tgz",
      "integrity": "sha512-L8ORzANBt/DUZwILdhDG0lKZDFvO9T4ZVEMvXYibvHbNUf8nJNc4thFvs1fiU2XAi130Gv4RuSN1Awu4yb59tg=="
    }
  }
}
