{
  "name": "the_game",
  "version": "1.0.0",
  "lockfileVersion": 1,
  "requires": true,
  "dependencies": {
    "broker_js": {
      "version": "file:broker_js-1.0.0.tgz",
      "integrity": "sha512-EOYFWpDFIy2jb4oOTPl3In+APwm/Nb5Tz19AkjGeMWlVvV7XsprzoaxSvVYUtsUcQvq/UkBv2uiu68ZCsxeH+A=="
    }
  }
}
