{
  "name": "the_game",
  "version": "1.0.0",
  "lockfileVersion": 1,
  "requires": true,
  "dependencies": {
    "broker_js": {
      "version": "file:broker_js-1.0.0.tgz",
      "integrity": "sha512-Vj9HZ34dKE5cT+bkzZd8jJcyy7J/z09Pz21sWkuOELjhisVoYGm1N8Lh7OTI+lNkNcK1YSNDtcCmNGhXKjxN6Q=="
    },
    "test_js": {
      "version": "file:test_js-0.0.1.tgz",
      "integrity": "sha512-9Xtrh0jzumhk9ZDZKU3LrlcS7JUKKdqc9OkOCRdXPMDyEJCq5YtEfl0DYfXUZoReltfPJVZh74vYCFzLozzthQ=="
    }
  }
}
